// !$*UTF8*$!
{
	archiveVersion = 1;
	classes = {
	};
	objectVersion = 56;
	objects = {

/* Begin PBXBuildFile section */
		F2535EE92A7055D500BA2150 /* AppDelegate.swift in Sources */ = {isa = PBXBuildFile; fileRef = F2535EE82A7055D500BA2150 /* AppDelegate.swift */; };
		F2535EEB2A7055D500BA2150 /* SceneDelegate.swift in Sources */ = {isa = PBXBuildFile; fileRef = F2535EEA2A7055D500BA2150 /* SceneDelegate.swift */; };
		F2535EED2A7055D500BA2150 /* ViewController.swift in Sources */ = {isa = PBXBuildFile; fileRef = F2535EEC2A7055D500BA2150 /* ViewController.swift */; };
		F2535EF02A7055D500BA2150 /* Main.storyboard in Resources */ = {isa = PBXBuildFile; fileRef = F2535EEE2A7055D500BA2150 /* Main.storyboard */; };
		F2535EF22A7055D600BA2150 /* Assets.xcassets in Resources */ = {isa = PBXBuildFile; fileRef = F2535EF12A7055D600BA2150 /* Assets.xcassets */; };
		F2535EF52A7055D600BA2150 /* LaunchScreen.storyboard in Resources */ = {isa = PBXBuildFile; fileRef = F2535EF32A7055D600BA2150 /* LaunchScreen.storyboard */; };
		F2535EFD2A70567400BA2150 /* Contacts.swift in Sources */ = {isa = PBXBuildFile; fileRef = F2535EFC2A70567400BA2150 /* Contacts.swift */; };
		F2535F042A705C6800BA2150 /* ContactViewController.storyboard in Resources */ = {isa = PBXBuildFile; fileRef = F2535F032A705C6800BA2150 /* ContactViewController.storyboard */; };
		F2535F062A705C7C00BA2150 /* ContactViewController.swift in Sources */ = {isa = PBXBuildFile; fileRef = F2535F052A705C7C00BA2150 /* ContactViewController.swift */; };
		F2535F092A70654800BA2150 /* ContactDetailViewController.swift in Sources */ = {isa = PBXBuildFile; fileRef = F2535F082A70654800BA2150 /* ContactDetailViewController.swift */; };
		F2535F0B2A70655300BA2150 /* ContactDetailViewController.storyboard in Resources */ = {isa = PBXBuildFile; fileRef = F2535F0A2A70655300BA2150 /* ContactDetailViewController.storyboard */; };
		F2535F102A7069F900BA2150 /* ContactTableViewCell.swift in Sources */ = {isa = PBXBuildFile; fileRef = F2535F0F2A7069F900BA2150 /* ContactTableViewCell.swift */; };
		F2535F152A707A8200BA2150 /* PickerViewController.swift in Sources */ = {isa = PBXBuildFile; fileRef = F2535F142A707A8200BA2150 /* PickerViewController.swift */; };
		F2535F172A707A9200BA2150 /* PickerViewController.storyboard in Resources */ = {isa = PBXBuildFile; fileRef = F2535F162A707A9200BA2150 /* PickerViewController.storyboard */; };
/* End PBXBuildFile section */

/* Begin PBXFileReference section */
		F2535EE52A7055D500BA2150 /* ContactsApp.app */ = {isa = PBXFileReference; explicitFileType = wrapper.application; includeInIndex = 0; path = ContactsApp.app; sourceTree = BUILT_PRODUCTS_DIR; };
		F2535EE82A7055D500BA2150 /* AppDelegate.swift */ = {isa = PBXFileReference; lastKnownFileType = sourcecode.swift; path = AppDelegate.swift; sourceTree = "<group>"; };
		F2535EEA2A7055D500BA2150 /* SceneDelegate.swift */ = {isa = PBXFileReference; lastKnownFileType = sourcecode.swift; path = SceneDelegate.swift; sourceTree = "<group>"; };
		F2535EEC2A7055D500BA2150 /* ViewController.swift */ = {isa = PBXFileReference; lastKnownFileType = sourcecode.swift; path = ViewController.swift; sourceTree = "<group>"; };
		F2535EEF2A7055D500BA2150 /* Base */ = {isa = PBXFileReference; lastKnownFileType = file.storyboard; name = Base; path = Base.lproj/Main.storyboard; sourceTree = "<group>"; };
		F2535EF12A7055D600BA2150 /* Assets.xcassets */ = {isa = PBXFileReference; lastKnownFileType = folder.assetcatalog; path = Assets.xcassets; sourceTree = "<group>"; };
		F2535EF42A7055D600BA2150 /* Base */ = {isa = PBXFileReference; lastKnownFileType = file.storyboard; name = Base; path = Base.lproj/LaunchScreen.storyboard; sourceTree = "<group>"; };
		F2535EF62A7055D600BA2150 /* Info.plist */ = {isa = PBXFileReference; lastKnownFileType = text.plist.xml; path = Info.plist; sourceTree = "<group>"; };
		F2535EFC2A70567400BA2150 /* Contacts.swift */ = {isa = PBXFileReference; lastKnownFileType = sourcecode.swift; path = Contacts.swift; sourceTree = "<group>"; };
		F2535F032A705C6800BA2150 /* ContactViewController.storyboard */ = {isa = PBXFileReference; lastKnownFileType = file.storyboard; name = ContactViewController.storyboard; path = ../../../../ContactViewController.storyboard; sourceTree = "<group>"; };
		F2535F052A705C7C00BA2150 /* ContactViewController.swift */ = {isa = PBXFileReference; lastKnownFileType = sourcecode.swift; path = ContactViewController.swift; sourceTree = "<group>"; };
		F2535F082A70654800BA2150 /* ContactDetailViewController.swift */ = {isa = PBXFileReference; lastKnownFileType = sourcecode.swift; path = ContactDetailViewController.swift; sourceTree = "<group>"; };
		F2535F0A2A70655300BA2150 /* ContactDetailViewController.storyboard */ = {isa = PBXFileReference; lastKnownFileType = file.storyboard; path = ContactDetailViewController.storyboard; sourceTree = "<group>"; };
		F2535F0F2A7069F900BA2150 /* ContactTableViewCell.swift */ = {isa = PBXFileReference; lastKnownFileType = sourcecode.swift; path = ContactTableViewCell.swift; sourceTree = "<group>"; };
		F2535F142A707A8200BA2150 /* PickerViewController.swift */ = {isa = PBXFileReference; lastKnownFileType = sourcecode.swift; path = PickerViewController.swift; sourceTree = "<group>"; };
		F2535F162A707A9200BA2150 /* PickerViewController.storyboard */ = {isa = PBXFileReference; lastKnownFileType = file.storyboard; path = PickerViewController.storyboard; sourceTree = "<group>"; };
/* End PBXFileReference section */

/* Begin PBXFrameworksBuildPhase section */
		F2535EE22A7055D500BA2150 /* Frameworks */ = {
			isa = PBXFrameworksBuildPhase;
			buildActionMask = 2147483647;
			files = (
			);
			runOnlyForDeploymentPostprocessing = 0;
		};
/* End PBXFrameworksBuildPhase section */

/* Begin PBXGroup section */
		F2535EDC2A7055D500BA2150 = {
			isa = PBXGroup;
			children = (
				F2535EE72A7055D500BA2150 /* ContactsApp */,
				F2535EE62A7055D500BA2150 /* Products */,
			);
			sourceTree = "<group>";
		};
		F2535EE62A7055D500BA2150 /* Products */ = {
			isa = PBXGroup;
			children = (
				F2535EE52A7055D500BA2150 /* ContactsApp.app */,
			);
			name = Products;
			sourceTree = "<group>";
		};
		F2535EE72A7055D500BA2150 /* ContactsApp */ = {
			isa = PBXGroup;
			children = (
				F2535F072A70651E00BA2150 /* ContactDetailView */,
				F2535EFE2A705B7400BA2150 /* ContactView */,
				F2535EE82A7055D500BA2150 /* AppDelegate.swift */,
				F2535EEA2A7055D500BA2150 /* SceneDelegate.swift */,
				F2535EEC2A7055D500BA2150 /* ViewController.swift */,
				F2535EEE2A7055D500BA2150 /* Main.storyboard */,
				F2535EFC2A70567400BA2150 /* Contacts.swift */,
				F2535EF12A7055D600BA2150 /* Assets.xcassets */,
				F2535EF32A7055D600BA2150 /* LaunchScreen.storyboard */,
				F2535EF62A7055D600BA2150 /* Info.plist */,
			);
			path = ContactsApp;
			sourceTree = "<group>";
		};
		F2535EFE2A705B7400BA2150 /* ContactView */ = {
			isa = PBXGroup;
			children = (
				F2535F112A707A1100BA2150 /* PickerView */,
				F2535F0C2A7069A900BA2150 /* ContactViewCell */,
				F2535F032A705C6800BA2150 /* ContactViewController.storyboard */,
				F2535F052A705C7C00BA2150 /* ContactViewController.swift */,
			);
			path = ContactView;
			sourceTree = "<group>";
		};
		F2535F072A70651E00BA2150 /* ContactDetailView */ = {
			isa = PBXGroup;
			children = (
				F2535F082A70654800BA2150 /* ContactDetailViewController.swift */,
				F2535F0A2A70655300BA2150 /* ContactDetailViewController.storyboard */,
			);
			path = ContactDetailView;
			sourceTree = "<group>";
		};
		F2535F0C2A7069A900BA2150 /* ContactViewCell */ = {
			isa = PBXGroup;
			children = (
				F2535F0F2A7069F900BA2150 /* ContactTableViewCell.swift */,
			);
			path = ContactViewCell;
			sourceTree = "<group>";
		};
		F2535F112A707A1100BA2150 /* PickerView */ = {
			isa = PBXGroup;
			children = (
				F2535F142A707A8200BA2150 /* PickerViewController.swift */,
				F2535F162A707A9200BA2150 /* PickerViewController.storyboard */,
			);
			path = PickerView;
			sourceTree = "<group>";
		};
/* End PBXGroup section */

/* Begin PBXNativeTarget section */
		F2535EE42A7055D500BA2150 /* ContactsApp */ = {
			isa = PBXNativeTarget;
			buildConfigurationList = F2535EF92A7055D600BA2150 /* Build configuration list for PBXNativeTarget "ContactsApp" */;
			buildPhases = (
				F2535EE12A7055D500BA2150 /* Sources */,
				F2535EE22A7055D500BA2150 /* Frameworks */,
				F2535EE32A7055D500BA2150 /* Resources */,
			);
			buildRules = (
			);
			dependencies = (
			);
			name = ContactsApp;
			productName = ContactsApp;
			productReference = F2535EE52A7055D500BA2150 /* ContactsApp.app */;
			productType = "com.apple.product-type.application";
		};
/* End PBXNativeTarget section */

/* Begin PBXProject section */
		F2535EDD2A7055D500BA2150 /* Project object */ = {
			isa = PBXProject;
			attributes = {
				BuildIndependentTargetsInParallel = 1;
				LastSwiftUpdateCheck = 1430;
				LastUpgradeCheck = 1430;
				TargetAttributes = {
					F2535EE42A7055D500BA2150 = {
						CreatedOnToolsVersion = 14.3.1;
					};
				};
			};
			buildConfigurationList = F2535EE02A7055D500BA2150 /* Build configuration list for PBXProject "ContactsApp" */;
			compatibilityVersion = "Xcode 14.0";
			developmentRegion = en;
			hasScannedForEncodings = 0;
			knownRegions = (
				en,
				Base,
			);
			mainGroup = F2535EDC2A7055D500BA2150;
			productRefGroup = F2535EE62A7055D500BA2150 /* Products */;
			projectDirPath = "";
			projectRoot = "";
			targets = (
				F2535EE42A7055D500BA2150 /* ContactsApp */,
			);
		};
/* End PBXProject section */

/* Begin PBXResourcesBuildPhase section */
		F2535EE32A7055D500BA2150 /* Resources */ = {
			isa = PBXResourcesBuildPhase;
			buildActionMask = 2147483647;
			files = (
				F2535F042A705C6800BA2150 /* ContactViewController.storyboard in Resources */,
				F2535F0B2A70655300BA2150 /* ContactDetailViewController.storyboard in Resources */,
				F2535EF52A7055D600BA2150 /* LaunchScreen.storyboard in Resources */,
				F2535F172A707A9200BA2150 /* PickerViewController.storyboard in Resources */,
				F2535EF22A7055D600BA2150 /* Assets.xcassets in Resources */,
				F2535EF02A7055D500BA2150 /* Main.storyboard in Resources */,
			);
			runOnlyForDeploymentPostprocessing = 0;
		};
/* End PBXResourcesBuildPhase section */

/* Begin PBXSourcesBuildPhase section */
		F2535EE12A7055D500BA2150 /* Sources */ = {
			isa = PBXSourcesBuildPhase;
			buildActionMask = 2147483647;
			files = (
				F2535EFD2A70567400BA2150 /* Contacts.swift in Sources */,
				F2535EED2A7055D500BA2150 /* ViewController.swift in Sources */,
				F2535F152A707A8200BA2150 /* PickerViewController.swift in Sources */,
				F2535EE92A7055D500BA2150 /* AppDelegate.swift in Sources */,
				F2535EEB2A7055D500BA2150 /* SceneDelegate.swift in Sources */,
				F2535F102A7069F900BA2150 /* ContactTableViewCell.swift in Sources */,
				F2535F092A70654800BA2150 /* ContactDetailViewController.swift in Sources */,
				F2535F062A705C7C00BA2150 /* ContactViewController.swift in Sources */,
			);
			runOnlyForDeploymentPostprocessing = 0;
		};
/* End PBXSourcesBuildPhase section */

/* Begin PBXVariantGroup section */
		F2535EEE2A7055D500BA2150 /* Main.storyboard */ = {
			isa = PBXVariantGroup;
			children = (
				F2535EEF2A7055D500BA2150 /* Base */,
			);
			name = Main.storyboard;
			sourceTree = "<group>";
		};
		F2535EF32A7055D600BA2150 /* LaunchScreen.storyboard */ = {
			isa = PBXVariantGroup;
			children = (
				F2535EF42A7055D600BA2150 /* Base */,
			);
			name = LaunchScreen.storyboard;
			sourceTree = "<group>";
		};
/* End PBXVariantGroup section */

/* Begin XCBuildConfiguration section */
		F2535EF72A7055D600BA2150 /* Debug */ = {
			isa = XCBuildConfiguration;
			buildSettings = {
				ALWAYS_SEARCH_USER_PATHS = NO;
				CLANG_ANALYZER_NONNULL = YES;
				CLANG_ANALYZER_NUMBER_OBJECT_CONVERSION = YES_AGGRESSIVE;
				CLANG_CXX_LANGUAGE_STANDARD = "gnu++20";
				CLANG_ENABLE_MODULES = YES;
				CLANG_ENABLE_OBJC_ARC = YES;
				CLANG_ENABLE_OBJC_WEAK = YES;
				CLANG_WARN_BLOCK_CAPTURE_AUTORELEASING = YES;
				CLANG_WARN_BOOL_CONVERSION = YES;
				CLANG_WARN_COMMA = YES;
				CLANG_WARN_CONSTANT_CONVERSION = YES;
				CLANG_WARN_DEPRECATED_OBJC_IMPLEMENTATIONS = YES;
				CLANG_WARN_DIRECT_OBJC_ISA_USAGE = YES_ERROR;
				CLANG_WARN_DOCUMENTATION_COMMENTS = YES;
				CLANG_WARN_EMPTY_BODY = YES;
				CLANG_WARN_ENUM_CONVERSION = YES;
				CLANG_WARN_INFINITE_RECURSION = YES;
				CLANG_WARN_INT_CONVERSION = YES;
				CLANG_WARN_NON_LITERAL_NULL_CONVERSION = YES;
				CLANG_WARN_OBJC_IMPLICIT_RETAIN_SELF = YES;
				CLANG_WARN_OBJC_LITERAL_CONVERSION = YES;
				CLANG_WARN_OBJC_ROOT_CLASS = YES_ERROR;
				CLANG_WARN_QUOTED_INCLUDE_IN_FRAMEWORK_HEADER = YES;
				CLANG_WARN_RANGE_LOOP_ANALYSIS = YES;
				CLANG_WARN_STRICT_PROTOTYPES = YES;
				CLANG_WARN_SUSPICIOUS_MOVE = YES;
				CLANG_WARN_UNGUARDED_AVAILABILITY = YES_AGGRESSIVE;
				CLANG_WARN_UNREACHABLE_CODE = YES;
				CLANG_WARN__DUPLICATE_METHOD_MATCH = YES;
				COPY_PHASE_STRIP = NO;
				DEBUG_INFORMATION_FORMAT = dwarf;
				ENABLE_STRICT_OBJC_MSGSEND = YES;
				ENABLE_TESTABILITY = YES;
				GCC_C_LANGUAGE_STANDARD = gnu11;
				GCC_DYNAMIC_NO_PIC = NO;
				GCC_NO_COMMON_BLOCKS = YES;
				GCC_OPTIMIZATION_LEVEL = 0;
				GCC_PREPROCESSOR_DEFINITIONS = (
					"DEBUG=1",
					"$(inherited)",
				);
				GCC_WARN_64_TO_32_BIT_CONVERSION = YES;
				GCC_WARN_ABOUT_RETURN_TYPE = YES_ERROR;
				GCC_WARN_UNDECLARED_SELECTOR = YES;
				GCC_WARN_UNINITIALIZED_AUTOS = YES_AGGRESSIVE;
				GCC_WARN_UNUSED_FUNCTION = YES;
				GCC_WARN_UNUSED_VARIABLE = YES;
				IPHONEOS_DEPLOYMENT_TARGET = 16.4;
				MTL_ENABLE_DEBUG_INFO = INCLUDE_SOURCE;
				MTL_FAST_MATH = YES;
				ONLY_ACTIVE_ARCH = YES;
				SDKROOT = iphoneos;
				SWIFT_ACTIVE_COMPILATION_CONDITIONS = DEBUG;
				SWIFT_OPTIMIZATION_LEVEL = "-Onone";
			};
			name = Debug;
		};
		F2535EF82A7055D600BA2150 /* Release */ = {
			isa = XCBuildConfiguration;
			buildSettings = {
				ALWAYS_SEARCH_USER_PATHS = NO;
				CLANG_ANALYZER_NONNULL = YES;
				CLANG_ANALYZER_NUMBER_OBJECT_CONVERSION = YES_AGGRESSIVE;
				CLANG_CXX_LANGUAGE_STANDARD = "gnu++20";
				CLANG_ENABLE_MODULES = YES;
				CLANG_ENABLE_OBJC_ARC = YES;
				CLANG_ENABLE_OBJC_WEAK = YES;
				CLANG_WARN_BLOCK_CAPTURE_AUTORELEASING = YES;
				CLANG_WARN_BOOL_CONVERSION = YES;
				CLANG_WARN_COMMA = YES;
				CLANG_WARN_CONSTANT_CONVERSION = YES;
				CLANG_WARN_DEPRECATED_OBJC_IMPLEMENTATIONS = YES;
				CLANG_WARN_DIRECT_OBJC_ISA_USAGE = YES_ERROR;
				CLANG_WARN_DOCUMENTATION_COMMENTS = YES;
				CLANG_WARN_EMPTY_BODY = YES;
				CLANG_WARN_ENUM_CONVERSION = YES;
				CLANG_WARN_INFINITE_RECURSION = YES;
				CLANG_WARN_INT_CONVERSION = YES;
				CLANG_WARN_NON_LITERAL_NULL_CONVERSION = YES;
				CLANG_WARN_OBJC_IMPLICIT_RETAIN_SELF = YES;
				CLANG_WARN_OBJC_LITERAL_CONVERSION = YES;
				CLANG_WARN_OBJC_ROOT_CLASS = YES_ERROR;
				CLANG_WARN_QUOTED_INCLUDE_IN_FRAMEWORK_HEADER = YES;
				CLANG_WARN_RANGE_LOOP_ANALYSIS = YES;
				CLANG_WARN_STRICT_PROTOTYPES = YES;
				CLANG_WARN_SUSPICIOUS_MOVE = YES;
				CLANG_WARN_UNGUARDED_AVAILABILITY = YES_AGGRESSIVE;
				CLANG_WARN_UNREACHABLE_CODE = YES;
				CLANG_WARN__DUPLICATE_METHOD_MATCH = YES;
				COPY_PHASE_STRIP = NO;
				DEBUG_INFORMATION_FORMAT = "dwarf-with-dsym";
				ENABLE_NS_ASSERTIONS = NO;
				ENABLE_STRICT_OBJC_MSGSEND = YES;
				GCC_C_LANGUAGE_STANDARD = gnu11;
				GCC_NO_COMMON_BLOCKS = YES;
				GCC_WARN_64_TO_32_BIT_CONVERSION = YES;
				GCC_WARN_ABOUT_RETURN_TYPE = YES_ERROR;
				GCC_WARN_UNDECLARED_SELECTOR = YES;
				GCC_WARN_UNINITIALIZED_AUTOS = YES_AGGRESSIVE;
				GCC_WARN_UNUSED_FUNCTION = YES;
				GCC_WARN_UNUSED_VARIABLE = YES;
				IPHONEOS_DEPLOYMENT_TARGET = 16.4;
				MTL_ENABLE_DEBUG_INFO = NO;
				MTL_FAST_MATH = YES;
				SDKROOT = iphoneos;
				SWIFT_COMPILATION_MODE = wholemodule;
				SWIFT_OPTIMIZATION_LEVEL = "-O";
				VALIDATE_PRODUCT = YES;
			};
			name = Release;
		};
		F2535EFA2A7055D600BA2150 /* Debug */ = {
			isa = XCBuildConfiguration;
			buildSettings = {
				ASSETCATALOG_COMPILER_APPICON_NAME = AppIcon;
				ASSETCATALOG_COMPILER_GLOBAL_ACCENT_COLOR_NAME = AccentColor;
				CODE_SIGN_STYLE = Automatic;
				CURRENT_PROJECT_VERSION = 1;
				DEVELOPMENT_TEAM = G9HT48F9AL;
				GENERATE_INFOPLIST_FILE = YES;
				INFOPLIST_FILE = ContactsApp/Info.plist;
				INFOPLIST_KEY_UIApplicationSupportsIndirectInputEvents = YES;
				INFOPLIST_KEY_UILaunchStoryboardName = LaunchScreen;
				INFOPLIST_KEY_UIMainStoryboardFile = Main;
				INFOPLIST_KEY_UISupportedInterfaceOrientations_iPad = "UIInterfaceOrientationPortrait UIInterfaceOrientationPortraitUpsideDown UIInterfaceOrientationLandscapeLeft UIInterfaceOrientationLandscapeRight";
				INFOPLIST_KEY_UISupportedInterfaceOrientations_iPhone = "UIInterfaceOrientationPortrait UIInterfaceOrientationLandscapeLeft UIInterfaceOrientationLandscapeRight";
				LD_RUNPATH_SEARCH_PATHS = (
					"$(inherited)",
					"@executable_path/Frameworks",
				);
				MARKETING_VERSION = 1.0;
				PRODUCT_BUNDLE_IDENTIFIER = maazez.ContactsApp;
				PRODUCT_NAME = "$(TARGET_NAME)";
				SWIFT_EMIT_LOC_STRINGS = YES;
				SWIFT_VERSION = 5.0;
				TARGETED_DEVICE_FAMILY = "1,2";
			};
			name = Debug;
		};
		F2535EFB2A7055D600BA2150 /* Release */ = {
			isa = XCBuildConfiguration;
			buildSettings = {
				ASSETCATALOG_COMPILER_APPICON_NAME = AppIcon;
				ASSETCATALOG_COMPILER_GLOBAL_ACCENT_COLOR_NAME = AccentColor;
				CODE_SIGN_STYLE = Automatic;
				CURRENT_PROJECT_VERSION = 1;
				DEVELOPMENT_TEAM = G9HT48F9AL;
				GENERATE_INFOPLIST_FILE = YES;
				INFOPLIST_FILE = ContactsApp/Info.plist;
				INFOPLIST_KEY_UIApplicationSupportsIndirectInputEvents = YES;
				INFOPLIST_KEY_UILaunchStoryboardName = LaunchScreen;
				INFOPLIST_KEY_UIMainStoryboardFile = Main;
				INFOPLIST_KEY_UISupportedInterfaceOrientations_iPad = "UIInterfaceOrientationPortrait UIInterfaceOrientationPortraitUpsideDown UIInterfaceOrientationLandscapeLeft UIInterfaceOrientationLandscapeRight";
				INFOPLIST_KEY_UISupportedInterfaceOrientations_iPhone = "UIInterfaceOrientationPortrait UIInterfaceOrientationLandscapeLeft UIInterfaceOrientationLandscapeRight";
				LD_RUNPATH_SEARCH_PATHS = (
					"$(inherited)",
					"@executable_path/Frameworks",
				);
				MARKETING_VERSION = 1.0;
				PRODUCT_BUNDLE_IDENTIFIER = maazez.ContactsApp;
				PRODUCT_NAME = "$(TARGET_NAME)";
				SWIFT_EMIT_LOC_STRINGS = YES;
				SWIFT_VERSION = 5.0;
				TARGETED_DEVICE_FAMILY = "1,2";
			};
			name = Release;
		};
/* End XCBuildConfiguration section */

/* Begin XCConfigurationList section */
		F2535EE02A7055D500BA2150 /* Build configuration list for PBXProject "ContactsApp" */ = {
			isa = XCConfigurationList;
			buildConfigurations = (
				F2535EF72A7055D600BA2150 /* Debug */,
				F2535EF82A7055D600BA2150 /* Release */,
			);
			defaultConfigurationIsVisible = 0;
			defaultConfigurationName = Release;
		};
		F2535EF92A7055D600BA2150 /* Build configuration list for PBXNativeTarget "ContactsApp" */ = {
			isa = XCConfigurationList;
			buildConfigurations = (
				F2535EFA2A7055D600BA2150 /* Debug */,
				F2535EFB2A7055D600BA2150 /* Release */,
			);
			defaultConfigurationIsVisible = 0;
			defaultConfigurationName = Release;
		};
/* End XCConfigurationList section */
	};
	rootObject = F2535EDD2A7055D500BA2150 /* Project object */;
}
